
Microsoft Visual Studio Solution File, Format Version 12.00
# Visual Studio Version 17
VisualStudioVersion = 17.0.31612.314
MinimumVisualStudioVersion = 10.0.40219.1
Project("{FAE04EC0-301F-11D3-BF4B-00C04F79EFBC}") = "BuhuZoo", "BuhuZoo.csproj", "{774A690B-B4CC-4A46-8B0C-A528E07B067A}"
EndProject
Global
	GlobalSection(SolutionConfigurationPlatforms) = preSolution
		Debug|Any CPU = Debug|Any CPU
		Release|Any CPU = Release|Any CPU
	EndGlobalSection
	GlobalSection(ProjectConfigurationPlatforms) = postSolution
		{774A690B-B4CC-4A46-8B0C-A528E07B067A}.Debug|Any CPU.ActiveCfg = Debug|Any CPU
		{774A690B-B4CC-4A46-8B0C-A528E07B067A}.Debug|Any CPU.Build.0 = Debug|Any CPU
		{774A690B-B4CC-4A46-8B0C-A528E07B067A}.Release|Any CPU.ActiveCfg = Release|Any CPU
		{774A690B-B4CC-4A46-8B0C-A528E07B067A}.Release|Any CPU.Build.0 = Release|Any CPU
	EndGlobalSection
	GlobalSection(SolutionProperties) = preSolution
		HideSolutionNode = FALSE
	EndGlobalSection
	GlobalSection(ExtensibilityGlobals) = postSolution
		SolutionGuid = {195C3FED-A686-4CB6-95E8-6399EB3F7260}
	EndGlobalSection
EndGlobal
